
Microsoft Visual Studio Solution File, Format Version 12.00
# Visual Studio 2013
VisualStudioVersion = 12.0.21005.1
MinimumVisualStudioVersion = 10.0.40219.1
Project("{FAE04EC0-301F-11D3-BF4B-00C04F79EFBC}") = "WebApi", "WebApi\WebApi.csproj", "{BC849007-2A69-4152-B49F-BA707F888F12}"
EndProject
Project("{FAE04EC0-301F-11D3-BF4B-00C04F79EFBC}") = "Mvc", "Mvc\Mvc.csproj", "{EECC5AA0-FB7D-4794-8AFC-DA6CE123C5AE}"
EndProject
Project("{FAE04EC0-301F-11D3-BF4B-00C04F79EFBC}") = "UnitTestMvc", "UnitTestMvc\UnitTestMvc.csproj", "{03BD2F7E-AAA1-4F70-B52B-487BDD5BC9B8}"
EndProject
Global
	GlobalSection(SolutionConfigurationPlatforms) = preSolution
		Debug|Any CPU = Debug|Any CPU
		Release|Any CPU = Release|Any CPU
	EndGlobalSection
	GlobalSection(ProjectConfigurationPlatforms) = postSolution
		{BC849007-2A69-4152-B49F-BA707F888F12}.Debug|Any CPU.ActiveCfg = Debug|Any CPU
		{BC849007-2A69-4152-B49F-BA707F888F12}.Debug|Any CPU.Build.0 = Debug|Any CPU
		{BC849007-2A69-4152-B49F-BA707F888F12}.Release|Any CPU.ActiveCfg = Release|Any CPU
		{BC849007-2A69-4152-B49F-BA707F888F12}.Release|Any CPU.Build.0 = Release|Any CPU
		{EECC5AA0-FB7D-4794-8AFC-DA6CE123C5AE}.Debug|Any CPU.ActiveCfg = Debug|Any CPU
		{EECC5AA0-FB7D-4794-8AFC-DA6CE123C5AE}.Debug|Any CPU.Build.0 = Debug|Any CPU
		{EECC5AA0-FB7D-4794-8AFC-DA6CE123C5AE}.Release|Any CPU.ActiveCfg = Release|Any CPU
		{EECC5AA0-FB7D-4794-8AFC-DA6CE123C5AE}.Release|Any CPU.Build.0 = Release|Any CPU
		{03BD2F7E-AAA1-4F70-B52B-487BDD5BC9B8}.Debug|Any CPU.ActiveCfg = Debug|Any CPU
		{03BD2F7E-AAA1-4F70-B52B-487BDD5BC9B8}.Debug|Any CPU.Build.0 = Debug|Any CPU
		{03BD2F7E-AAA1-4F70-B52B-487BDD5BC9B8}.Release|Any CPU.ActiveCfg = Release|Any CPU
		{03BD2F7E-AAA1-4F70-B52B-487BDD5BC9B8}.Release|Any CPU.Build.0 = Release|Any CPU
	EndGlobalSection
	GlobalSection(SolutionProperties) = preSolution
		HideSolutionNode = FALSE
	EndGlobalSection
EndGlobal
